
Microsoft Visual Studio Solution File, Format Version 12.00
# Visual Studio Version 17
VisualStudioVersion = 17.2.32526.322
MinimumVisualStudioVersion = 10.0.40219.1
Project("{9A19103F-16F7-4668-BE54-9A1E7A4F7556}") = "CycleFinder", "CycleFinder\CycleFinder.csproj", "{1053B0A5-3020-43B8-874E-80617FD8E3B8}"
EndProject
Project("{9A19103F-16F7-4668-BE54-9A1E7A4F7556}") = "CycleFinder.Calculations", "CycleFinder.Calculations\CycleFinder.Calculations.csproj", "{8DDB5B76-5FA8-4944-A777-05AE4FF881FC}"
EndProject
Project("{9A19103F-16F7-4668-BE54-9A1E7A4F7556}") = "CyceFinder.CalculationsTester", "CyceFinder.CalculationsTester\CyceFinder.CalculationsTester.csproj", "{3C4E4477-37BE-48BB-BF61-7DDB0FA3565B}"
EndProject
Project("{9A19103F-16F7-4668-BE54-9A1E7A4F7556}") = "CycleFinder.Models", "CycleFinder.Models\CycleFinder.Models.csproj", "{53EA2039-D2E0-4BF0-BB7B-E391262756D9}"
EndProject
Project("{FAE04EC0-301F-11D3-BF4B-00C04F79EFBC}") = "CycleFinder.DataDownloader", "CycleFinder.DataDownloader\CycleFinder.DataDownloader.csproj", "{F60F523B-8E6C-4435-B3B6-C16A788E0090}"
EndProject
Global
	GlobalSection(SolutionConfigurationPlatforms) = preSolution
		Debug|Any CPU = Debug|Any CPU
		Release|Any CPU = Release|Any CPU
	EndGlobalSection
	GlobalSection(ProjectConfigurationPlatforms) = postSolution
		{1053B0A5-3020-43B8-874E-80617FD8E3B8}.Debug|Any CPU.ActiveCfg = Debug|Any CPU
		{1053B0A5-3020-43B8-874E-80617FD8E3B8}.Debug|Any CPU.Build.0 = Debug|Any CPU
		{1053B0A5-3020-43B8-874E-80617FD8E3B8}.Release|Any CPU.ActiveCfg = Release|Any CPU
		{1053B0A5-3020-43B8-874E-80617FD8E3B8}.Release|Any CPU.Build.0 = Release|Any CPU
		{8DDB5B76-5FA8-4944-A777-05AE4FF881FC}.Debug|Any CPU.ActiveCfg = Debug|Any CPU
		{8DDB5B76-5FA8-4944-A777-05AE4FF881FC}.Debug|Any CPU.Build.0 = Debug|Any CPU
		{8DDB5B76-5FA8-4944-A777-05AE4FF881FC}.Release|Any CPU.ActiveCfg = Release|Any CPU
		{8DDB5B76-5FA8-4944-A777-05AE4FF881FC}.Release|Any CPU.Build.0 = Release|Any CPU
		{3C4E4477-37BE-48BB-BF61-7DDB0FA3565B}.Debug|Any CPU.ActiveCfg = Debug|Any CPU
		{3C4E4477-37BE-48BB-BF61-7DDB0FA3565B}.Debug|Any CPU.Build.0 = Debug|Any CPU
		{3C4E4477-37BE-48BB-BF61-7DDB0FA3565B}.Release|Any CPU.ActiveCfg = Release|Any CPU
		{3C4E4477-37BE-48BB-BF61-7DDB0FA3565B}.Release|Any CPU.Build.0 = Release|Any CPU
		{53EA2039-D2E0-4BF0-BB7B-E391262756D9}.Debug|Any CPU.ActiveCfg = Debug|Any CPU
		{53EA2039-D2E0-4BF0-BB7B-E391262756D9}.Debug|Any CPU.Build.0 = Debug|Any CPU
		{53EA2039-D2E0-4BF0-BB7B-E391262756D9}.Release|Any CPU.ActiveCfg = Release|Any CPU
		{53EA2039-D2E0-4BF0-BB7B-E391262756D9}.Release|Any CPU.Build.0 = Release|Any CPU
		{F60F523B-8E6C-4435-B3B6-C16A788E0090}.Debug|Any CPU.ActiveCfg = Debug|Any CPU
		{F60F523B-8E6C-4435-B3B6-C16A788E0090}.Debug|Any CPU.Build.0 = Debug|Any CPU
		{F60F523B-8E6C-4435-B3B6-C16A788E0090}.Release|Any CPU.ActiveCfg = Release|Any CPU
		{F60F523B-8E6C-4435-B3B6-C16A788E0090}.Release|Any CPU.Build.0 = Release|Any CPU
	EndGlobalSection
	GlobalSection(SolutionProperties) = preSolution
		HideSolutionNode = FALSE
	EndGlobalSection
	GlobalSection(ExtensibilityGlobals) = postSolution
		SolutionGuid = {9CD43B2C-E77B-4094-A8C8-D69AF1EAAE8F}
	EndGlobalSection
EndGlobal
